
Microsoft Visual Studio Solution File, Format Version 12.00
# Visual Studio Version 17
VisualStudioVersion = 17.12.35506.116
MinimumVisualStudioVersion = 10.0.40219.1
Project("{FAE04EC0-301F-11D3-BF4B-00C04F79EFBC}") = "marcury_wpf", "marcury_wpf\marcury_wpf.csproj", "{DC6C0FC9-58B2-4B7D-A60E-175CD48C2EAF}"
EndProject
Project("{FAE04EC0-301F-11D3-BF4B-00C04F79EFBC}") = "wpf_example", "wpf_example\wpf_example.csproj", "{B28616AE-3241-4B18-AEE0-C548B1DC0D45}"
EndProject
Global
	GlobalSection(SolutionConfigurationPlatforms) = preSolution
		Debug|Any CPU = Debug|Any CPU
		Release|Any CPU = Release|Any CPU
	EndGlobalSection
	GlobalSection(ProjectConfigurationPlatforms) = postSolution
		{DC6C0FC9-58B2-4B7D-A60E-175CD48C2EAF}.Debug|Any CPU.ActiveCfg = Debug|Any CPU
		{DC6C0FC9-58B2-4B7D-A60E-175CD48C2EAF}.Debug|Any CPU.Build.0 = Debug|Any CPU
		{DC6C0FC9-58B2-4B7D-A60E-175CD48C2EAF}.Release|Any CPU.ActiveCfg = Release|Any CPU
		{DC6C0FC9-58B2-4B7D-A60E-175CD48C2EAF}.Release|Any CPU.Build.0 = Release|Any CPU
		{B28616AE-3241-4B18-AEE0-C548B1DC0D45}.Debug|Any CPU.ActiveCfg = Debug|Any CPU
		{B28616AE-3241-4B18-AEE0-C548B1DC0D45}.Debug|Any CPU.Build.0 = Debug|Any CPU
		{B28616AE-3241-4B18-AEE0-C548B1DC0D45}.Release|Any CPU.ActiveCfg = Release|Any CPU
		{B28616AE-3241-4B18-AEE0-C548B1DC0D45}.Release|Any CPU.Build.0 = Release|Any CPU
	EndGlobalSection
	GlobalSection(SolutionProperties) = preSolution
		HideSolutionNode = FALSE
	EndGlobalSection
EndGlobal
